// !$*UTF8*$!
{
	archiveVersion = 1;
	classes = {
	};
	objectVersion = 56;
	objects = {

/* Begin PBXBuildFile section */
		7E55C1482CC46B420014EA97 /* OverlayView.swift in Sources */ = {isa = PBXBuildFile; fileRef = 7E55C1472CC46B420014EA97 /* OverlayView.swift */; };
		7E55C14A2CC46F170014EA97 /* VerticalHealthBarView.swift in Sources */ = {isa = PBXBuildFile; fileRef = 7E55C1492CC46EFF0014EA97 /* VerticalHealthBarView.swift */; };
		7E6DCFBF2BCF7F6D00A192DA /* Asteroids_1DApp.swift in Sources */ = {isa = PBXBuildFile; fileRef = 7E6DCFBE2BCF7F6D00A192DA /* Asteroids_1DApp.swift */; };
		7E6DCFC12BCF7F6D00A192DA /* ContentView.swift in Sources */ = {isa = PBXBuildFile; fileRef = 7E6DCFC02BCF7F6D00A192DA /* ContentView.swift */; };
		7E6DCFC32BCF7F6D00A192DA /* Item.swift in Sources */ = {isa = PBXBuildFile; fileRef = 7E6DCFC22BCF7F6D00A192DA /* Item.swift */; };
		7E6DCFC52BCF7F6E00A192DA /* Assets.xcassets in Resources */ = {isa = PBXBuildFile; fileRef = 7E6DCFC42BCF7F6E00A192DA /* Assets.xcassets */; };
		7E6DCFC92BCF7F6E00A192DA /* Preview Assets.xcassets in Resources */ = {isa = PBXBuildFile; fileRef = 7E6DCFC82BCF7F6E00A192DA /* Preview Assets.xcassets */; };
		7E6DCFD02BCF817600A192DA /* GameScene.swift in Sources */ = {isa = PBXBuildFile; fileRef = 7E6DCFCF2BCF817600A192DA /* GameScene.swift */; };
		7E6DCFD22BCF81F700A192DA /* GameState.swift in Sources */ = {isa = PBXBuildFile; fileRef = 7E6DCFD12BCF81F700A192DA /* GameState.swift */; };
		7E6DCFD42BDD6DD500A192DA /* Fire.sks in Resources */ = {isa = PBXBuildFile; fileRef = 7E6DCFD32BDD6DD500A192DA /* Fire.sks */; };
		7E6DCFD62BDD6DF900A192DA /* Smoke.sks in Resources */ = {isa = PBXBuildFile; fileRef = 7E6DCFD52BDD6DF900A192DA /* Smoke.sks */; };
		7E6DCFE62BDD79AE00A192DA /* Stars.sks in Resources */ = {isa = PBXBuildFile; fileRef = 7E6DCFE52BDD79AE00A192DA /* Stars.sks */; };
/* End PBXBuildFile section */

/* Begin PBXFileReference section */
		7E55C1472CC46B420014EA97 /* OverlayView.swift */ = {isa = PBXFileReference; lastKnownFileType = sourcecode.swift; path = OverlayView.swift; sourceTree = "<group>"; };
		7E55C1492CC46EFF0014EA97 /* VerticalHealthBarView.swift */ = {isa = PBXFileReference; lastKnownFileType = sourcecode.swift; path = VerticalHealthBarView.swift; sourceTree = "<group>"; };
		7E6DCFBB2BCF7F6D00A192DA /* Asteroids 1D.app */ = {isa = PBXFileReference; explicitFileType = wrapper.application; includeInIndex = 0; path = "Asteroids 1D.app"; sourceTree = BUILT_PRODUCTS_DIR; };
		7E6DCFBE2BCF7F6D00A192DA /* Asteroids_1DApp.swift */ = {isa = PBXFileReference; lastKnownFileType = sourcecode.swift; path = Asteroids_1DApp.swift; sourceTree = "<group>"; };
		7E6DCFC02BCF7F6D00A192DA /* ContentView.swift */ = {isa = PBXFileReference; lastKnownFileType = sourcecode.swift; path = ContentView.swift; sourceTree = "<group>"; };
		7E6DCFC22BCF7F6D00A192DA /* Item.swift */ = {isa = PBXFileReference; lastKnownFileType = sourcecode.swift; path = Item.swift; sourceTree = "<group>"; };
		7E6DCFC42BCF7F6E00A192DA /* Assets.xcassets */ = {isa = PBXFileReference; lastKnownFileType = folder.assetcatalog; path = Assets.xcassets; sourceTree = "<group>"; };
		7E6DCFC62BCF7F6E00A192DA /* Asteroids_1D.entitlements */ = {isa = PBXFileReference; lastKnownFileType = text.plist.entitlements; path = Asteroids_1D.entitlements; sourceTree = "<group>"; };
		7E6DCFC82BCF7F6E00A192DA /* Preview Assets.xcassets */ = {isa = PBXFileReference; lastKnownFileType = folder.assetcatalog; path = "Preview Assets.xcassets"; sourceTree = "<group>"; };
		7E6DCFCF2BCF817600A192DA /* GameScene.swift */ = {isa = PBXFileReference; lastKnownFileType = sourcecode.swift; path = GameScene.swift; sourceTree = "<group>"; };
		7E6DCFD12BCF81F700A192DA /* GameState.swift */ = {isa = PBXFileReference; lastKnownFileType = sourcecode.swift; path = GameState.swift; sourceTree = "<group>"; };
		7E6DCFD32BDD6DD500A192DA /* Fire.sks */ = {isa = PBXFileReference; lastKnownFileType = file.sks; path = Fire.sks; sourceTree = "<group>"; };
		7E6DCFD52BDD6DF900A192DA /* Smoke.sks */ = {isa = PBXFileReference; lastKnownFileType = file.sks; path = Smoke.sks; sourceTree = "<group>"; };
		7E6DCFE52BDD79AE00A192DA /* Stars.sks */ = {isa = PBXFileReference; lastKnownFileType = file.sks; path = Stars.sks; sourceTree = "<group>"; };
/* End PBXFileReference section */

/* Begin PBXFrameworksBuildPhase section */
		7E6DCFB82BCF7F6D00A192DA /* Frameworks */ = {
			isa = PBXFrameworksBuildPhase;
			buildActionMask = 2147483647;
			files = (
			);
			runOnlyForDeploymentPostprocessing = 0;
		};
/* End PBXFrameworksBuildPhase section */

/* Begin PBXGroup section */
		7E6DCFB22BCF7F6D00A192DA = {
			isa = PBXGroup;
			children = (
				7E6DCFBD2BCF7F6D00A192DA /* Asteroids 1D */,
				7E6DCFBC2BCF7F6D00A192DA /* Products */,
			);
			sourceTree = "<group>";
		};
		7E6DCFBC2BCF7F6D00A192DA /* Products */ = {
			isa = PBXGroup;
			children = (
				7E6DCFBB2BCF7F6D00A192DA /* Asteroids 1D.app */,
			);
			name = Products;
			sourceTree = "<group>";
		};
		7E6DCFBD2BCF7F6D00A192DA /* Asteroids 1D */ = {
			isa = PBXGroup;
			children = (
				7E55C1492CC46EFF0014EA97 /* VerticalHealthBarView.swift */,
				7E6DCFBE2BCF7F6D00A192DA /* Asteroids_1DApp.swift */,
				7E6DCFC02BCF7F6D00A192DA /* ContentView.swift */,
				7E55C1472CC46B420014EA97 /* OverlayView.swift */,
				7E6DCFCF2BCF817600A192DA /* GameScene.swift */,
				7E6DCFD32BDD6DD500A192DA /* Fire.sks */,
				7E6DCFE52BDD79AE00A192DA /* Stars.sks */,
				7E6DCFD52BDD6DF900A192DA /* Smoke.sks */,
				7E6DCFC22BCF7F6D00A192DA /* Item.swift */,
				7E6DCFD12BCF81F700A192DA /* GameState.swift */,
				7E6DCFC42BCF7F6E00A192DA /* Assets.xcassets */,
				7E6DCFC62BCF7F6E00A192DA /* Asteroids_1D.entitlements */,
				7E6DCFC72BCF7F6E00A192DA /* Preview Content */,
			);
			path = "Asteroids 1D";
			sourceTree = "<group>";
		};
		7E6DCFC72BCF7F6E00A192DA /* Preview Content */ = {
			isa = PBXGroup;
			children = (
				7E6DCFC82BCF7F6E00A192DA /* Preview Assets.xcassets */,
			);
			path = "Preview Content";
			sourceTree = "<group>";
		};
/* End PBXGroup section */

/* Begin PBXNativeTarget section */
		7E6DCFBA2BCF7F6D00A192DA /* Asteroids 1D */ = {
			isa = PBXNativeTarget;
			buildConfigurationList = 7E6DCFCC2BCF7F6E00A192DA /* Build configuration list for PBXNativeTarget "Asteroids 1D" */;
			buildPhases = (
				7E6DCFB72BCF7F6D00A192DA /* Sources */,
				7E6DCFB82BCF7F6D00A192DA /* Frameworks */,
				7E6DCFB92BCF7F6D00A192DA /* Resources */,
			);
			buildRules = (
			);
			dependencies = (
			);
			name = "Asteroids 1D";
			productName = "Asteroids 1D";
			productReference = 7E6DCFBB2BCF7F6D00A192DA /* Asteroids 1D.app */;
			productType = "com.apple.product-type.application";
		};
/* End PBXNativeTarget section */

/* Begin PBXProject section */
		7E6DCFB32BCF7F6D00A192DA /* Project object */ = {
			isa = PBXProject;
			attributes = {
				BuildIndependentTargetsInParallel = 1;
				LastSwiftUpdateCheck = 1530;
				LastUpgradeCheck = 1600;
				TargetAttributes = {
					7E6DCFBA2BCF7F6D00A192DA = {
						CreatedOnToolsVersion = 15.3;
					};
				};
			};
			buildConfigurationList = 7E6DCFB62BCF7F6D00A192DA /* Build configuration list for PBXProject "Asteroids 1D" */;
			compatibilityVersion = "Xcode 14.0";
			developmentRegion = en;
			hasScannedForEncodings = 0;
			knownRegions = (
				en,
				Base,
			);
			mainGroup = 7E6DCFB22BCF7F6D00A192DA;
			productRefGroup = 7E6DCFBC2BCF7F6D00A192DA /* Products */;
			projectDirPath = "";
			projectRoot = "";
			targets = (
				7E6DCFBA2BCF7F6D00A192DA /* Asteroids 1D */,
			);
		};
/* End PBXProject section */

/* Begin PBXResourcesBuildPhase section */
		7E6DCFB92BCF7F6D00A192DA /* Resources */ = {
			isa = PBXResourcesBuildPhase;
			buildActionMask = 2147483647;
			files = (
				7E6DCFD42BDD6DD500A192DA /* Fire.sks in Resources */,
				7E6DCFE62BDD79AE00A192DA /* Stars.sks in Resources */,
				7E6DCFC92BCF7F6E00A192DA /* Preview Assets.xcassets in Resources */,
				7E6DCFC52BCF7F6E00A192DA /* Assets.xcassets in Resources */,
				7E6DCFD62BDD6DF900A192DA /* Smoke.sks in Resources */,
			);
			runOnlyForDeploymentPostprocessing = 0;
		};
/* End PBXResourcesBuildPhase section */

/* Begin PBXSourcesBuildPhase section */
		7E6DCFB72BCF7F6D00A192DA /* Sources */ = {
			isa = PBXSourcesBuildPhase;
			buildActionMask = 2147483647;
			files = (
				7E55C14A2CC46F170014EA97 /* VerticalHealthBarView.swift in Sources */,
				7E6DCFC12BCF7F6D00A192DA /* ContentView.swift in Sources */,
				7E55C1482CC46B420014EA97 /* OverlayView.swift in Sources */,
				7E6DCFD02BCF817600A192DA /* GameScene.swift in Sources */,
				7E6DCFD22BCF81F700A192DA /* GameState.swift in Sources */,
				7E6DCFC32BCF7F6D00A192DA /* Item.swift in Sources */,
				7E6DCFBF2BCF7F6D00A192DA /* Asteroids_1DApp.swift in Sources */,
			);
			runOnlyForDeploymentPostprocessing = 0;
		};
/* End PBXSourcesBuildPhase section */

/* Begin XCBuildConfiguration section */
		7E6DCFCA2BCF7F6E00A192DA /* Debug */ = {
			isa = XCBuildConfiguration;
			buildSettings = {
				ALWAYS_SEARCH_USER_PATHS = NO;
				ASSETCATALOG_COMPILER_GENERATE_SWIFT_ASSET_SYMBOL_EXTENSIONS = YES;
				CLANG_ANALYZER_NONNULL = YES;
				CLANG_ANALYZER_NUMBER_OBJECT_CONVERSION = YES_AGGRESSIVE;
				CLANG_CXX_LANGUAGE_STANDARD = "gnu++20";
				CLANG_ENABLE_MODULES = YES;
				CLANG_ENABLE_OBJC_ARC = YES;
				CLANG_ENABLE_OBJC_WEAK = YES;
				CLANG_WARN_BLOCK_CAPTURE_AUTORELEASING = YES;
				CLANG_WARN_BOOL_CONVERSION = YES;
				CLANG_WARN_COMMA = YES;
				CLANG_WARN_CONSTANT_CONVERSION = YES;
				CLANG_WARN_DEPRECATED_OBJC_IMPLEMENTATIONS = YES;
				CLANG_WARN_DIRECT_OBJC_ISA_USAGE = YES_ERROR;
				CLANG_WARN_DOCUMENTATION_COMMENTS = YES;
				CLANG_WARN_EMPTY_BODY = YES;
				CLANG_WARN_ENUM_CONVERSION = YES;
				CLANG_WARN_INFINITE_RECURSION = YES;
				CLANG_WARN_INT_CONVERSION = YES;
				CLANG_WARN_NON_LITERAL_NULL_CONVERSION = YES;
				CLANG_WARN_OBJC_IMPLICIT_RETAIN_SELF = YES;
				CLANG_WARN_OBJC_LITERAL_CONVERSION = YES;
				CLANG_WARN_OBJC_ROOT_CLASS = YES_ERROR;
				CLANG_WARN_QUOTED_INCLUDE_IN_FRAMEWORK_HEADER = YES;
				CLANG_WARN_RANGE_LOOP_ANALYSIS = YES;
				CLANG_WARN_STRICT_PROTOTYPES = YES;
				CLANG_WARN_SUSPICIOUS_MOVE = YES;
				CLANG_WARN_UNGUARDED_AVAILABILITY = YES_AGGRESSIVE;
				CLANG_WARN_UNREACHABLE_CODE = YES;
				CLANG_WARN__DUPLICATE_METHOD_MATCH = YES;
				COPY_PHASE_STRIP = NO;
				DEAD_CODE_STRIPPING = YES;
				DEBUG_INFORMATION_FORMAT = dwarf;
				ENABLE_STRICT_OBJC_MSGSEND = YES;
				ENABLE_TESTABILITY = YES;
				ENABLE_USER_SCRIPT_SANDBOXING = YES;
				GCC_C_LANGUAGE_STANDARD = gnu17;
				GCC_DYNAMIC_NO_PIC = NO;
				GCC_NO_COMMON_BLOCKS = YES;
				GCC_OPTIMIZATION_LEVEL = 0;
				GCC_PREPROCESSOR_DEFINITIONS = (
					"DEBUG=1",
					"$(inherited)",
				);
				GCC_WARN_64_TO_32_BIT_CONVERSION = YES;
				GCC_WARN_ABOUT_RETURN_TYPE = YES_ERROR;
				GCC_WARN_UNDECLARED_SELECTOR = YES;
				GCC_WARN_UNINITIALIZED_AUTOS = YES_AGGRESSIVE;
				GCC_WARN_UNUSED_FUNCTION = YES;
				GCC_WARN_UNUSED_VARIABLE = YES;
				LOCALIZATION_PREFERS_STRING_CATALOGS = YES;
				MTL_ENABLE_DEBUG_INFO = INCLUDE_SOURCE;
				MTL_FAST_MATH = YES;
				ONLY_ACTIVE_ARCH = YES;
				SWIFT_ACTIVE_COMPILATION_CONDITIONS = "DEBUG $(inherited)";
				SWIFT_OPTIMIZATION_LEVEL = "-Onone";
			};
			name = Debug;
		};
		7E6DCFCB2BCF7F6E00A192DA /* Release */ = {
			isa = XCBuildConfiguration;
			buildSettings = {
				ALWAYS_SEARCH_USER_PATHS = NO;
				ASSETCATALOG_COMPILER_GENERATE_SWIFT_ASSET_SYMBOL_EXTENSIONS = YES;
				CLANG_ANALYZER_NONNULL = YES;
				CLANG_ANALYZER_NUMBER_OBJECT_CONVERSION = YES_AGGRESSIVE;
				CLANG_CXX_LANGUAGE_STANDARD = "gnu++20";
				CLANG_ENABLE_MODULES = YES;
				CLANG_ENABLE_OBJC_ARC = YES;
				CLANG_ENABLE_OBJC_WEAK = YES;
				CLANG_WARN_BLOCK_CAPTURE_AUTORELEASING = YES;
				CLANG_WARN_BOOL_CONVERSION = YES;
				CLANG_WARN_COMMA = YES;
				CLANG_WARN_CONSTANT_CONVERSION = YES;
				CLANG_WARN_DEPRECATED_OBJC_IMPLEMENTATIONS = YES;
				CLANG_WARN_DIRECT_OBJC_ISA_USAGE = YES_ERROR;
				CLANG_WARN_DOCUMENTATION_COMMENTS = YES;
				CLANG_WARN_EMPTY_BODY = YES;
				CLANG_WARN_ENUM_CONVERSION = YES;
				CLANG_WARN_INFINITE_RECURSION = YES;
				CLANG_WARN_INT_CONVERSION = YES;
				CLANG_WARN_NON_LITERAL_NULL_CONVERSION = YES;
				CLANG_WARN_OBJC_IMPLICIT_RETAIN_SELF = YES;
				CLANG_WARN_OBJC_LITERAL_CONVERSION = YES;
				CLANG_WARN_OBJC_ROOT_CLASS = YES_ERROR;
				CLANG_WARN_QUOTED_INCLUDE_IN_FRAMEWORK_HEADER = YES;
				CLANG_WARN_RANGE_LOOP_ANALYSIS = YES;
				CLANG_WARN_STRICT_PROTOTYPES = YES;
				CLANG_WARN_SUSPICIOUS_MOVE = YES;
				CLANG_WARN_UNGUARDED_AVAILABILITY = YES_AGGRESSIVE;
				CLANG_WARN_UNREACHABLE_CODE = YES;
				CLANG_WARN__DUPLICATE_METHOD_MATCH = YES;
				COPY_PHASE_STRIP = NO;
				DEAD_CODE_STRIPPING = YES;
				DEBUG_INFORMATION_FORMAT = "dwarf-with-dsym";
				ENABLE_NS_ASSERTIONS = NO;
				ENABLE_STRICT_OBJC_MSGSEND = YES;
				ENABLE_USER_SCRIPT_SANDBOXING = YES;
				GCC_C_LANGUAGE_STANDARD = gnu17;
				GCC_NO_COMMON_BLOCKS = YES;
				GCC_WARN_64_TO_32_BIT_CONVERSION = YES;
				GCC_WARN_ABOUT_RETURN_TYPE = YES_ERROR;
				GCC_WARN_UNDECLARED_SELECTOR = YES;
				GCC_WARN_UNINITIALIZED_AUTOS = YES_AGGRESSIVE;
				GCC_WARN_UNUSED_FUNCTION = YES;
				GCC_WARN_UNUSED_VARIABLE = YES;
				LOCALIZATION_PREFERS_STRING_CATALOGS = YES;
				MTL_ENABLE_DEBUG_INFO = NO;
				MTL_FAST_MATH = YES;
				SWIFT_COMPILATION_MODE = wholemodule;
			};
			name = Release;
		};
		7E6DCFCD2BCF7F6E00A192DA /* Debug */ = {
			isa = XCBuildConfiguration;
			buildSettings = {
				ASSETCATALOG_COMPILER_APPICON_NAME = AppIcon;
				ASSETCATALOG_COMPILER_GLOBAL_ACCENT_COLOR_NAME = AccentColor;
				CODE_SIGN_ENTITLEMENTS = "Asteroids 1D/Asteroids_1D.entitlements";
				CODE_SIGN_STYLE = Automatic;
				CURRENT_PROJECT_VERSION = 1;
				DEAD_CODE_STRIPPING = YES;
				DEVELOPMENT_ASSET_PATHS = "\"Asteroids 1D/Preview Content\"";
				DEVELOPMENT_TEAM = 99MB6TWRUA;
				ENABLE_HARDENED_RUNTIME = YES;
				ENABLE_PREVIEWS = YES;
				GENERATE_INFOPLIST_FILE = YES;
				"INFOPLIST_KEY_UIApplicationSceneManifest_Generation[sdk=iphoneos*]" = YES;
				"INFOPLIST_KEY_UIApplicationSceneManifest_Generation[sdk=iphonesimulator*]" = YES;
				"INFOPLIST_KEY_UIApplicationSupportsIndirectInputEvents[sdk=iphoneos*]" = YES;
				"INFOPLIST_KEY_UIApplicationSupportsIndirectInputEvents[sdk=iphonesimulator*]" = YES;
				"INFOPLIST_KEY_UILaunchScreen_Generation[sdk=iphoneos*]" = YES;
				"INFOPLIST_KEY_UILaunchScreen_Generation[sdk=iphonesimulator*]" = YES;
				"INFOPLIST_KEY_UIStatusBarStyle[sdk=iphoneos*]" = UIStatusBarStyleDefault;
				"INFOPLIST_KEY_UIStatusBarStyle[sdk=iphonesimulator*]" = UIStatusBarStyleDefault;
				INFOPLIST_KEY_UISupportedInterfaceOrientations_iPad = "UIInterfaceOrientationPortrait UIInterfaceOrientationPortraitUpsideDown UIInterfaceOrientationLandscapeLeft UIInterfaceOrientationLandscapeRight";
				INFOPLIST_KEY_UISupportedInterfaceOrientations_iPhone = "UIInterfaceOrientationPortrait UIInterfaceOrientationLandscapeLeft UIInterfaceOrientationLandscapeRight";
				IPHONEOS_DEPLOYMENT_TARGET = 18.0;
				LD_RUNPATH_SEARCH_PATHS = "@executable_path/Frameworks";
				"LD_RUNPATH_SEARCH_PATHS[sdk=macosx*]" = "@executable_path/../Frameworks";
				MACOSX_DEPLOYMENT_TARGET = 15.0;
				MARKETING_VERSION = 1.0;
				PRODUCT_BUNDLE_IDENTIFIER = "com.itertaining.Asteroids-1D";
				PRODUCT_NAME = "$(TARGET_NAME)";
				SDKROOT = auto;
				SUPPORTED_PLATFORMS = "iphoneos iphonesimulator macosx";
				SWIFT_EMIT_LOC_STRINGS = YES;
				SWIFT_VERSION = 6.0;
				TARGETED_DEVICE_FAMILY = "1,2";
			};
			name = Debug;
		};
		7E6DCFCE2BCF7F6E00A192DA /* Release */ = {
			isa = XCBuildConfiguration;
			buildSettings = {
				ASSETCATALOG_COMPILER_APPICON_NAME = AppIcon;
				ASSETCATALOG_COMPILER_GLOBAL_ACCENT_COLOR_NAME = AccentColor;
				CODE_SIGN_ENTITLEMENTS = "Asteroids 1D/Asteroids_1D.entitlements";
				CODE_SIGN_STYLE = Automatic;
				CURRENT_PROJECT_VERSION = 1;
				DEAD_CODE_STRIPPING = YES;
				DEVELOPMENT_ASSET_PATHS = "\"Asteroids 1D/Preview Content\"";
				DEVELOPMENT_TEAM = 99MB6TWRUA;
				ENABLE_HARDENED_RUNTIME = YES;
				ENABLE_PREVIEWS = YES;
				GENERATE_INFOPLIST_FILE = YES;
				"INFOPLIST_KEY_UIApplicationSceneManifest_Generation[sdk=iphoneos*]" = YES;
				"INFOPLIST_KEY_UIApplicationSceneManifest_Generation[sdk=iphonesimulator*]" = YES;
				"INFOPLIST_KEY_UIApplicationSupportsIndirectInputEvents[sdk=iphoneos*]" = YES;
				"INFOPLIST_KEY_UIApplicationSupportsIndirectInputEvents[sdk=iphonesimulator*]" = YES;
				"INFOPLIST_KEY_UILaunchScreen_Generation[sdk=iphoneos*]" = YES;
				"INFOPLIST_KEY_UILaunchScreen_Generation[sdk=iphonesimulator*]" = YES;
				"INFOPLIST_KEY_UIStatusBarStyle[sdk=iphoneos*]" = UIStatusBarStyleDefault;
				"INFOPLIST_KEY_UIStatusBarStyle[sdk=iphonesimulator*]" = UIStatusBarStyleDefault;
				INFOPLIST_KEY_UISupportedInterfaceOrientations_iPad = "UIInterfaceOrientationPortrait UIInterfaceOrientationPortraitUpsideDown UIInterfaceOrientationLandscapeLeft UIInterfaceOrientationLandscapeRight";
				INFOPLIST_KEY_UISupportedInterfaceOrientations_iPhone = "UIInterfaceOrientationPortrait UIInterfaceOrientationLandscapeLeft UIInterfaceOrientationLandscapeRight";
				IPHONEOS_DEPLOYMENT_TARGET = 18.0;
				LD_RUNPATH_SEARCH_PATHS = "@executable_path/Frameworks";
				"LD_RUNPATH_SEARCH_PATHS[sdk=macosx*]" = "@executable_path/../Frameworks";
				MACOSX_DEPLOYMENT_TARGET = 15.0;
				MARKETING_VERSION = 1.0;
				PRODUCT_BUNDLE_IDENTIFIER = "com.itertaining.Asteroids-1D";
				PRODUCT_NAME = "$(TARGET_NAME)";
				SDKROOT = auto;
				SUPPORTED_PLATFORMS = "iphoneos iphonesimulator macosx";
				SWIFT_EMIT_LOC_STRINGS = YES;
				SWIFT_VERSION = 6.0;
				TARGETED_DEVICE_FAMILY = "1,2";
			};
			name = Release;
		};
/* End XCBuildConfiguration section */

/* Begin XCConfigurationList section */
		7E6DCFB62BCF7F6D00A192DA /* Build configuration list for PBXProject "Asteroids 1D" */ = {
			isa = XCConfigurationList;
			buildConfigurations = (
				7E6DCFCA2BCF7F6E00A192DA /* Debug */,
				7E6DCFCB2BCF7F6E00A192DA /* Release */,
			);
			defaultConfigurationIsVisible = 0;
			defaultConfigurationName = Release;
		};
		7E6DCFCC2BCF7F6E00A192DA /* Build configuration list for PBXNativeTarget "Asteroids 1D" */ = {
			isa = XCConfigurationList;
			buildConfigurations = (
				7E6DCFCD2BCF7F6E00A192DA /* Debug */,
				7E6DCFCE2BCF7F6E00A192DA /* Release */,
			);
			defaultConfigurationIsVisible = 0;
			defaultConfigurationName = Release;
		};
/* End XCConfigurationList section */
	};
	rootObject = 7E6DCFB32BCF7F6D00A192DA /* Project object */;
}
